
Microsoft Visual Studio Solution File, Format Version 12.00
# Visual Studio Version 16
VisualStudioVersion = 25.0.1706.0
MinimumVisualStudioVersion = 10.0.40219.1
Project("{FAE04EC0-301F-11D3-BF4B-00C04F79EFBC}") = "BattleshipGame", "BattleshipGame.csproj", "{C5911C27-A856-4F3E-BFCC-9898581ED441}"
EndProject
Global
	GlobalSection(SolutionConfigurationPlatforms) = preSolution
		Debug|Any CPU = Debug|Any CPU
		Release|Any CPU = Release|Any CPU
	EndGlobalSection
	GlobalSection(ProjectConfigurationPlatforms) = postSolution
		{C5911C27-A856-4F3E-BFCC-9898581ED441}.Debug|Any CPU.ActiveCfg = Debug|Any CPU
		{C5911C27-A856-4F3E-BFCC-9898581ED441}.Debug|Any CPU.Build.0 = Debug|Any CPU
		{C5911C27-A856-4F3E-BFCC-9898581ED441}.Release|Any CPU.ActiveCfg = Release|Any CPU
		{C5911C27-A856-4F3E-BFCC-9898581ED441}.Release|Any CPU.Build.0 = Release|Any CPU
	EndGlobalSection
	GlobalSection(SolutionProperties) = preSolution
		HideSolutionNode = FALSE
	EndGlobalSection
	GlobalSection(ExtensibilityGlobals) = postSolution
		SolutionGuid = {49A7793C-139A-43B4-A7DE-45F5377DE37C}
	EndGlobalSection
EndGlobal
